
Microsoft Visual Studio Solution File, Format Version 12.00
# Visual Studio 15
VisualStudioVersion = 15.0.27004.2005
MinimumVisualStudioVersion = 10.0.40219.1
Project("{FAE04EC0-301F-11D3-BF4B-00C04F79EFBC}") = "example", "example.csproj", "{19F1E97E-0147-4471-8AD5-B3D654ACB5B3}"
EndProject
Global
	GlobalSection(SolutionConfigurationPlatforms) = preSolution
		Debug|Any CPU = Debug|Any CPU
		Release|Any CPU = Release|Any CPU
	EndGlobalSection
	GlobalSection(ProjectConfigurationPlatforms) = postSolution
		{19F1E97E-0147-4471-8AD5-B3D654ACB5B3}.Debug|Any CPU.ActiveCfg = Debug|Any CPU
		{19F1E97E-0147-4471-8AD5-B3D654ACB5B3}.Debug|Any CPU.Build.0 = Debug|Any CPU
		{19F1E97E-0147-4471-8AD5-B3D654ACB5B3}.Release|Any CPU.ActiveCfg = Release|Any CPU
		{19F1E97E-0147-4471-8AD5-B3D654ACB5B3}.Release|Any CPU.Build.0 = Release|Any CPU
	EndGlobalSection
	GlobalSection(SolutionProperties) = preSolution
		HideSolutionNode = FALSE
	EndGlobalSection
	GlobalSection(ExtensibilityGlobals) = postSolution
		SolutionGuid = {B4D5C423-2FDE-420B-9703-10BECDFF9366}
	EndGlobalSection
EndGlobal
